
Microsoft Visual Studio Solution File, Format Version 12.00
# Visual Studio Version 17
VisualStudioVersion = 17.14.36915.13 d17.14
MinimumVisualStudioVersion = 10.0.40219.1
Project("{FAE04EC0-301F-11D3-BF4B-00C04F79EFBC}") = "Clock", "Clock\Clock.csproj", "{3D4B7888-23F9-460F-8334-933436B7B174}"
EndProject
Global
	GlobalSection(SolutionConfigurationPlatforms) = preSolution
		Debug|Any CPU = Debug|Any CPU
		Release|Any CPU = Release|Any CPU
	EndGlobalSection
	GlobalSection(ProjectConfigurationPlatforms) = postSolution
		{3D4B7888-23F9-460F-8334-933436B7B174}.Debug|Any CPU.ActiveCfg = Debug|Any CPU
		{3D4B7888-23F9-460F-8334-933436B7B174}.Debug|Any CPU.Build.0 = Debug|Any CPU
		{3D4B7888-23F9-460F-8334-933436B7B174}.Release|Any CPU.ActiveCfg = Release|Any CPU
		{3D4B7888-23F9-460F-8334-933436B7B174}.Release|Any CPU.Build.0 = Release|Any CPU
	EndGlobalSection
	GlobalSection(SolutionProperties) = preSolution
		HideSolutionNode = FALSE
	EndGlobalSection
	GlobalSection(ExtensibilityGlobals) = postSolution
		SolutionGuid = {FA6361F6-516E-4E1A-BA98-0F3D79076425}
	EndGlobalSection
EndGlobal
